// !$*UTF8*$!
{
	archiveVersion = 1;
	classes = {
	};
	objectVersion = 46;
	objects = {

/* Begin PBXBuildFile section */
		1388BF85B9804CEF9AC64AA2 /* libPods-MilujiPraci.a in Frameworks */ = {isa = PBXBuildFile; fileRef = 200389DEBF2D4643BD3526F2 /* libPods-MilujiPraci.a */; };
		174886FE19AA02BD0081FA52 /* Cocoa.framework in Frameworks */ = {isa = PBXBuildFile; fileRef = 174886FD19AA02BD0081FA52 /* Cocoa.framework */; };
		1748870819AA02BD0081FA52 /* InfoPlist.strings in Resources */ = {isa = PBXBuildFile; fileRef = 1748870619AA02BD0081FA52 /* InfoPlist.strings */; };
		1748870A19AA02BD0081FA52 /* main.m in Sources */ = {isa = PBXBuildFile; fileRef = 1748870919AA02BD0081FA52 /* main.m */; };
		1748870E19AA02BD0081FA52 /* Credits.rtf in Resources */ = {isa = PBXBuildFile; fileRef = 1748870C19AA02BD0081FA52 /* Credits.rtf */; };
		1748871119AA02BD0081FA52 /* AppDelegate.m in Sources */ = {isa = PBXBuildFile; fileRef = 1748871019AA02BD0081FA52 /* AppDelegate.m */; };
		1748871419AA02BE0081FA52 /* MainMenu.xib in Resources */ = {isa = PBXBuildFile; fileRef = 1748871219AA02BE0081FA52 /* MainMenu.xib */; };
		1748871619AA02BE0081FA52 /* Images.xcassets in Resources */ = {isa = PBXBuildFile; fileRef = 1748871519AA02BE0081FA52 /* Images.xcassets */; };
		1748871D19AA02BE0081FA52 /* XCTest.framework in Frameworks */ = {isa = PBXBuildFile; fileRef = 1748871C19AA02BE0081FA52 /* XCTest.framework */; };
		1748871E19AA02BE0081FA52 /* Cocoa.framework in Frameworks */ = {isa = PBXBuildFile; fileRef = 174886FD19AA02BD0081FA52 /* Cocoa.framework */; };
		1748872619AA02BE0081FA52 /* InfoPlist.strings in Resources */ = {isa = PBXBuildFile; fileRef = 1748872419AA02BE0081FA52 /* InfoPlist.strings */; };
		1748872819AA02BE0081FA52 /* MilujiPraciTests.m in Sources */ = {isa = PBXBuildFile; fileRef = 1748872719AA02BE0081FA52 /* MilujiPraciTests.m */; };
		1748873719AA09560081FA52 /* MainViewController.m in Sources */ = {isa = PBXBuildFile; fileRef = 1748873519AA09560081FA52 /* MainViewController.m */; };
		1748873819AA09560081FA52 /* MainViewController.xib in Resources */ = {isa = PBXBuildFile; fileRef = 1748873619AA09560081FA52 /* MainViewController.xib */; };
		1748873B19AB043E0081FA52 /* MFStatusView.m in Sources */ = {isa = PBXBuildFile; fileRef = 1748873A19AB043E0081FA52 /* MFStatusView.m */; };
		1748874119AB09450081FA52 /* TileButton.m in Sources */ = {isa = PBXBuildFile; fileRef = 1748874019AB09450081FA52 /* TileButton.m */; };
		1748875919ABB6AA0081FA52 /* 0.mp3 in Resources */ = {isa = PBXBuildFile; fileRef = 1748874A19ABB6AA0081FA52 /* 0.mp3 */; };
		1748875A19ABB6AA0081FA52 /* 1.mp3 in Resources */ = {isa = PBXBuildFile; fileRef = 1748874B19ABB6AA0081FA52 /* 1.mp3 */; };
		1748875B19ABB6AA0081FA52 /* 2.mp3 in Resources */ = {isa = PBXBuildFile; fileRef = 1748874C19ABB6AA0081FA52 /* 2.mp3 */; };
		1748875C19ABB6AA0081FA52 /* 3.mp3 in Resources */ = {isa = PBXBuildFile; fileRef = 1748874D19ABB6AA0081FA52 /* 3.mp3 */; };
		1748875D19ABB6AA0081FA52 /* 4.mp3 in Resources */ = {isa = PBXBuildFile; fileRef = 1748874E19ABB6AA0081FA52 /* 4.mp3 */; };
		1748875E19ABB6AA0081FA52 /* 5.mp3 in Resources */ = {isa = PBXBuildFile; fileRef = 1748874F19ABB6AA0081FA52 /* 5.mp3 */; };
		1748875F19ABB6AA0081FA52 /* 6.mp3 in Resources */ = {isa = PBXBuildFile; fileRef = 1748875019ABB6AA0081FA52 /* 6.mp3 */; };
		1748876019ABB6AA0081FA52 /* 7.mp3 in Resources */ = {isa = PBXBuildFile; fileRef = 1748875119ABB6AA0081FA52 /* 7.mp3 */; };
		1748876119ABB6AA0081FA52 /* 8.mp3 in Resources */ = {isa = PBXBuildFile; fileRef = 1748875219ABB6AA0081FA52 /* 8.mp3 */; };
		1748876219ABB6AA0081FA52 /* 9.mp3 in Resources */ = {isa = PBXBuildFile; fileRef = 1748875319ABB6AA0081FA52 /* 9.mp3 */; };
		1748876319ABB6AA0081FA52 /* 10.mp3 in Resources */ = {isa = PBXBuildFile; fileRef = 1748875419ABB6AA0081FA52 /* 10.mp3 */; };
		1748876419ABB6AA0081FA52 /* 11.mp3 in Resources */ = {isa = PBXBuildFile; fileRef = 1748875519ABB6AA0081FA52 /* 11.mp3 */; };
		1748876519ABB6AA0081FA52 /* 12.mp3 in Resources */ = {isa = PBXBuildFile; fileRef = 1748875619ABB6AA0081FA52 /* 12.mp3 */; };
		1748876619ABB6AA0081FA52 /* 13.mp3 in Resources */ = {isa = PBXBuildFile; fileRef = 1748875719ABB6AA0081FA52 /* 13.mp3 */; };
		1748876719ABB6AA0081FA52 /* 14.mp3 in Resources */ = {isa = PBXBuildFile; fileRef = 1748875819ABB6AA0081FA52 /* 14.mp3 */; };
		1748877719ABD4640081FA52 /* 15.mp3 in Resources */ = {isa = PBXBuildFile; fileRef = 1748876819ABD4640081FA52 /* 15.mp3 */; };
		1748877819ABD4640081FA52 /* 16.mp3 in Resources */ = {isa = PBXBuildFile; fileRef = 1748876919ABD4640081FA52 /* 16.mp3 */; };
		1748877919ABD4640081FA52 /* 17.mp3 in Resources */ = {isa = PBXBuildFile; fileRef = 1748876A19ABD4640081FA52 /* 17.mp3 */; };
		1748877A19ABD4640081FA52 /* 18.mp3 in Resources */ = {isa = PBXBuildFile; fileRef = 1748876B19ABD4640081FA52 /* 18.mp3 */; };
		1748877B19ABD4640081FA52 /* 19.mp3 in Resources */ = {isa = PBXBuildFile; fileRef = 1748876C19ABD4640081FA52 /* 19.mp3 */; };
		1748877C19ABD4640081FA52 /* 20.mp3 in Resources */ = {isa = PBXBuildFile; fileRef = 1748876D19ABD4640081FA52 /* 20.mp3 */; };
		1748877D19ABD4640081FA52 /* 21.mp3 in Resources */ = {isa = PBXBuildFile; fileRef = 1748876E19ABD4640081FA52 /* 21.mp3 */; };
		1748877E19ABD4640081FA52 /* 22.mp3 in Resources */ = {isa = PBXBuildFile; fileRef = 1748876F19ABD4640081FA52 /* 22.mp3 */; };
		1748877F19ABD4640081FA52 /* 23.mp3 in Resources */ = {isa = PBXBuildFile; fileRef = 1748877019ABD4640081FA52 /* 23.mp3 */; };
		1748878019ABD4640081FA52 /* 24.mp3 in Resources */ = {isa = PBXBuildFile; fileRef = 1748877119ABD4640081FA52 /* 24.mp3 */; };
		1748878119ABD4640081FA52 /* 25.mp3 in Resources */ = {isa = PBXBuildFile; fileRef = 1748877219ABD4640081FA52 /* 25.mp3 */; };
		1748878219ABD4640081FA52 /* 26.mp3 in Resources */ = {isa = PBXBuildFile; fileRef = 1748877319ABD4640081FA52 /* 26.mp3 */; };
		1748878319ABD4640081FA52 /* 27.mp3 in Resources */ = {isa = PBXBuildFile; fileRef = 1748877419ABD4640081FA52 /* 27.mp3 */; };
		1748878419ABD4640081FA52 /* 28.mp3 in Resources */ = {isa = PBXBuildFile; fileRef = 1748877519ABD4640081FA52 /* 28.mp3 */; };
		1748878519ABD4640081FA52 /* 29.mp3 in Resources */ = {isa = PBXBuildFile; fileRef = 1748877619ABD4640081FA52 /* 29.mp3 */; };
/* End PBXBuildFile section */

/* Begin PBXContainerItemProxy section */
		1748871F19AA02BE0081FA52 /* PBXContainerItemProxy */ = {
			isa = PBXContainerItemProxy;
			containerPortal = 174886F219AA02BD0081FA52 /* Project object */;
			proxyType = 1;
			remoteGlobalIDString = 174886F919AA02BD0081FA52;
			remoteInfo = MilujiPraci;
		};
/* End PBXContainerItemProxy section */

/* Begin PBXFileReference section */
		174886FA19AA02BD0081FA52 /* MilujiPraci.app */ = {isa = PBXFileReference; explicitFileType = wrapper.application; includeInIndex = 0; path = MilujiPraci.app; sourceTree = BUILT_PRODUCTS_DIR; };
		174886FD19AA02BD0081FA52 /* Cocoa.framework */ = {isa = PBXFileReference; lastKnownFileType = wrapper.framework; name = Cocoa.framework; path = System/Library/Frameworks/Cocoa.framework; sourceTree = SDKROOT; };
		1748870019AA02BD0081FA52 /* AppKit.framework */ = {isa = PBXFileReference; lastKnownFileType = wrapper.framework; name = AppKit.framework; path = System/Library/Frameworks/AppKit.framework; sourceTree = SDKROOT; };
		1748870119AA02BD0081FA52 /* CoreData.framework */ = {isa = PBXFileReference; lastKnownFileType = wrapper.framework; name = CoreData.framework; path = System/Library/Frameworks/CoreData.framework; sourceTree = SDKROOT; };
		1748870219AA02BD0081FA52 /* Foundation.framework */ = {isa = PBXFileReference; lastKnownFileType = wrapper.framework; name = Foundation.framework; path = System/Library/Frameworks/Foundation.framework; sourceTree = SDKROOT; };
		1748870519AA02BD0081FA52 /* MilujiPraci-Info.plist */ = {isa = PBXFileReference; lastKnownFileType = text.plist.xml; path = "MilujiPraci-Info.plist"; sourceTree = "<group>"; };
		1748870719AA02BD0081FA52 /* en */ = {isa = PBXFileReference; lastKnownFileType = text.plist.strings; name = en; path = en.lproj/InfoPlist.strings; sourceTree = "<group>"; };
		1748870919AA02BD0081FA52 /* main.m */ = {isa = PBXFileReference; lastKnownFileType = sourcecode.c.objc; path = main.m; sourceTree = "<group>"; };
		1748870B19AA02BD0081FA52 /* MilujiPraci-Prefix.pch */ = {isa = PBXFileReference; lastKnownFileType = sourcecode.c.h; path = "MilujiPraci-Prefix.pch"; sourceTree = "<group>"; };
		1748870D19AA02BD0081FA52 /* en */ = {isa = PBXFileReference; lastKnownFileType = text.rtf; name = en; path = en.lproj/Credits.rtf; sourceTree = "<group>"; };
		1748870F19AA02BD0081FA52 /* AppDelegate.h */ = {isa = PBXFileReference; lastKnownFileType = sourcecode.c.h; path = AppDelegate.h; sourceTree = "<group>"; };
		1748871019AA02BD0081FA52 /* AppDelegate.m */ = {isa = PBXFileReference; lastKnownFileType = sourcecode.c.objc; path = AppDelegate.m; sourceTree = "<group>"; };
		1748871319AA02BE0081FA52 /* Base */ = {isa = PBXFileReference; lastKnownFileType = file.xib; name = Base; path = Base.lproj/MainMenu.xib; sourceTree = "<group>"; };
		1748871519AA02BE0081FA52 /* Images.xcassets */ = {isa = PBXFileReference; lastKnownFileType = folder.assetcatalog; path = Images.xcassets; sourceTree = "<group>"; };
		1748871B19AA02BE0081FA52 /* MilujiPraciTests.xctest */ = {isa = PBXFileReference; explicitFileType = wrapper.cfbundle; includeInIndex = 0; path = MilujiPraciTests.xctest; sourceTree = BUILT_PRODUCTS_DIR; };
		1748871C19AA02BE0081FA52 /* XCTest.framework */ = {isa = PBXFileReference; lastKnownFileType = wrapper.framework; name = XCTest.framework; path = Library/Frameworks/XCTest.framework; sourceTree = DEVELOPER_DIR; };
		1748872319AA02BE0081FA52 /* MilujiPraciTests-Info.plist */ = {isa = PBXFileReference; lastKnownFileType = text.plist.xml; path = "MilujiPraciTests-Info.plist"; sourceTree = "<group>"; };
		1748872519AA02BE0081FA52 /* en */ = {isa = PBXFileReference; lastKnownFileType = text.plist.strings; name = en; path = en.lproj/InfoPlist.strings; sourceTree = "<group>"; };
		1748872719AA02BE0081FA52 /* MilujiPraciTests.m */ = {isa = PBXFileReference; lastKnownFileType = sourcecode.c.objc; path = MilujiPraciTests.m; sourceTree = "<group>"; };
		1748873419AA09560081FA52 /* MainViewController.h */ = {isa = PBXFileReference; fileEncoding = 4; lastKnownFileType = sourcecode.c.h; path = MainViewController.h; sourceTree = "<group>"; };
		1748873519AA09560081FA52 /* MainViewController.m */ = {isa = PBXFileReference; fileEncoding = 4; lastKnownFileType = sourcecode.c.objc; path = MainViewController.m; sourceTree = "<group>"; };
		1748873619AA09560081FA52 /* MainViewController.xib */ = {isa = PBXFileReference; fileEncoding = 4; lastKnownFileType = file.xib; path = MainViewController.xib; sourceTree = "<group>"; };
		1748873919AB043E0081FA52 /* MFStatusView.h */ = {isa = PBXFileReference; fileEncoding = 4; lastKnownFileType = sourcecode.c.h; path = MFStatusView.h; sourceTree = "<group>"; };
		1748873A19AB043E0081FA52 /* MFStatusView.m */ = {isa = PBXFileReference; fileEncoding = 4; lastKnownFileType = sourcecode.c.objc; path = MFStatusView.m; sourceTree = "<group>"; };
		1748873F19AB09450081FA52 /* TileButton.h */ = {isa = PBXFileReference; fileEncoding = 4; lastKnownFileType = sourcecode.c.h; path = TileButton.h; sourceTree = "<group>"; };
		1748874019AB09450081FA52 /* TileButton.m */ = {isa = PBXFileReference; fileEncoding = 4; lastKnownFileType = sourcecode.c.objc; path = TileButton.m; sourceTree = "<group>"; };
		1748874A19ABB6AA0081FA52 /* 0.mp3 */ = {isa = PBXFileReference; lastKnownFileType = audio.mp3; name = 0.mp3; path = Resources/0.mp3; sourceTree = "<group>"; };
		1748874B19ABB6AA0081FA52 /* 1.mp3 */ = {isa = PBXFileReference; lastKnownFileType = audio.mp3; name = 1.mp3; path = Resources/1.mp3; sourceTree = "<group>"; };
		1748874C19ABB6AA0081FA52 /* 2.mp3 */ = {isa = PBXFileReference; lastKnownFileType = audio.mp3; name = 2.mp3; path = Resources/2.mp3; sourceTree = "<group>"; };
		1748874D19ABB6AA0081FA52 /* 3.mp3 */ = {isa = PBXFileReference; lastKnownFileType = audio.mp3; name = 3.mp3; path = Resources/3.mp3; sourceTree = "<group>"; };
		1748874E19ABB6AA0081FA52 /* 4.mp3 */ = {isa = PBXFileReference; lastKnownFileType = audio.mp3; name = 4.mp3; path = Resources/4.mp3; sourceTree = "<group>"; };
		1748874F19ABB6AA0081FA52 /* 5.mp3 */ = {isa = PBXFileReference; lastKnownFileType = audio.mp3; name = 5.mp3; path = Resources/5.mp3; sourceTree = "<group>"; };
		1748875019ABB6AA0081FA52 /* 6.mp3 */ = {isa = PBXFileReference; lastKnownFileType = audio.mp3; name = 6.mp3; path = Resources/6.mp3; sourceTree = "<group>"; };
		1748875119ABB6AA0081FA52 /* 7.mp3 */ = {isa = PBXFileReference; lastKnownFileType = audio.mp3; name = 7.mp3; path = Resources/7.mp3; sourceTree = "<group>"; };
		1748875219ABB6AA0081FA52 /* 8.mp3 */ = {isa = PBXFileReference; lastKnownFileType = audio.mp3; name = 8.mp3; path = Resources/8.mp3; sourceTree = "<group>"; };
		1748875319ABB6AA0081FA52 /* 9.mp3 */ = {isa = PBXFileReference; lastKnownFileType = audio.mp3; name = 9.mp3; path = Resources/9.mp3; sourceTree = "<group>"; };
		1748875419ABB6AA0081FA52 /* 10.mp3 */ = {isa = PBXFileReference; lastKnownFileType = audio.mp3; name = 10.mp3; path = Resources/10.mp3; sourceTree = "<group>"; };
		1748875519ABB6AA0081FA52 /* 11.mp3 */ = {isa = PBXFileReference; lastKnownFileType = audio.mp3; name = 11.mp3; path = Resources/11.mp3; sourceTree = "<group>"; };
		1748875619ABB6AA0081FA52 /* 12.mp3 */ = {isa = PBXFileReference; lastKnownFileType = audio.mp3; name = 12.mp3; path = Resources/12.mp3; sourceTree = "<group>"; };
		1748875719ABB6AA0081FA52 /* 13.mp3 */ = {isa = PBXFileReference; lastKnownFileType = audio.mp3; name = 13.mp3; path = Resources/13.mp3; sourceTree = "<group>"; };
		1748875819ABB6AA0081FA52 /* 14.mp3 */ = {isa = PBXFileReference; lastKnownFileType = audio.mp3; name = 14.mp3; path = Resources/14.mp3; sourceTree = "<group>"; };
		1748876819ABD4640081FA52 /* 15.mp3 */ = {isa = PBXFileReference; lastKnownFileType = audio.mp3; name = 15.mp3; path = Resources/15.mp3; sourceTree = "<group>"; };
		1748876919ABD4640081FA52 /* 16.mp3 */ = {isa = PBXFileReference; lastKnownFileType = audio.mp3; name = 16.mp3; path = Resources/16.mp3; sourceTree = "<group>"; };
		1748876A19ABD4640081FA52 /* 17.mp3 */ = {isa = PBXFileReference; lastKnownFileType = audio.mp3; name = 17.mp3; path = Resources/17.mp3; sourceTree = "<group>"; };
		1748876B19ABD4640081FA52 /* 18.mp3 */ = {isa = PBXFileReference; lastKnownFileType = audio.mp3; name = 18.mp3; path = Resources/18.mp3; sourceTree = "<group>"; };
		1748876C19ABD4640081FA52 /* 19.mp3 */ = {isa = PBXFileReference; lastKnownFileType = audio.mp3; name = 19.mp3; path = Resources/19.mp3; sourceTree = "<group>"; };
		1748876D19ABD4640081FA52 /* 20.mp3 */ = {isa = PBXFileReference; lastKnownFileType = audio.mp3; name = 20.mp3; path = Resources/20.mp3; sourceTree = "<group>"; };
		1748876E19ABD4640081FA52 /* 21.mp3 */ = {isa = PBXFileReference; lastKnownFileType = audio.mp3; name = 21.mp3; path = Resources/21.mp3; sourceTree = "<group>"; };
		1748876F19ABD4640081FA52 /* 22.mp3 */ = {isa = PBXFileReference; lastKnownFileType = audio.mp3; name = 22.mp3; path = Resources/22.mp3; sourceTree = "<group>"; };
		1748877019ABD4640081FA52 /* 23.mp3 */ = {isa = PBXFileReference; lastKnownFileType = audio.mp3; name = 23.mp3; path = Resources/23.mp3; sourceTree = "<group>"; };
		1748877119ABD4640081FA52 /* 24.mp3 */ = {isa = PBXFileReference; lastKnownFileType = audio.mp3; name = 24.mp3; path = Resources/24.mp3; sourceTree = "<group>"; };
		1748877219ABD4640081FA52 /* 25.mp3 */ = {isa = PBXFileReference; lastKnownFileType = audio.mp3; name = 25.mp3; path = Resources/25.mp3; sourceTree = "<group>"; };
		1748877319ABD4640081FA52 /* 26.mp3 */ = {isa = PBXFileReference; lastKnownFileType = audio.mp3; name = 26.mp3; path = Resources/26.mp3; sourceTree = "<group>"; };
		1748877419ABD4640081FA52 /* 27.mp3 */ = {isa = PBXFileReference; lastKnownFileType = audio.mp3; name = 27.mp3; path = Resources/27.mp3; sourceTree = "<group>"; };
		1748877519ABD4640081FA52 /* 28.mp3 */ = {isa = PBXFileReference; lastKnownFileType = audio.mp3; name = 28.mp3; path = Resources/28.mp3; sourceTree = "<group>"; };
		1748877619ABD4640081FA52 /* 29.mp3 */ = {isa = PBXFileReference; lastKnownFileType = audio.mp3; name = 29.mp3; path = Resources/29.mp3; sourceTree = "<group>"; };
		200389DEBF2D4643BD3526F2 /* libPods-MilujiPraci.a */ = {isa = PBXFileReference; explicitFileType = archive.ar; includeInIndex = 0; path = "libPods-MilujiPraci.a"; sourceTree = BUILT_PRODUCTS_DIR; };
		AEE2B137EA86403BB57B9B89 /* Pods-MilujiPraci.xcconfig */ = {isa = PBXFileReference; includeInIndex = 1; lastKnownFileType = text.xcconfig; name = "Pods-MilujiPraci.xcconfig"; path = "Pods/Pods-MilujiPraci.xcconfig"; sourceTree = "<group>"; };
/* End PBXFileReference section */

/* Begin PBXFrameworksBuildPhase section */
		174886F719AA02BD0081FA52 /* Frameworks */ = {
			isa = PBXFrameworksBuildPhase;
			buildActionMask = 2147483647;
			files = (
				174886FE19AA02BD0081FA52 /* Cocoa.framework in Frameworks */,
				1388BF85B9804CEF9AC64AA2 /* libPods-MilujiPraci.a in Frameworks */,
			);
			runOnlyForDeploymentPostprocessing = 0;
		};
		1748871819AA02BE0081FA52 /* Frameworks */ = {
			isa = PBXFrameworksBuildPhase;
			buildActionMask = 2147483647;
			files = (
				1748871E19AA02BE0081FA52 /* Cocoa.framework in Frameworks */,
				1748871D19AA02BE0081FA52 /* XCTest.framework in Frameworks */,
			);
			runOnlyForDeploymentPostprocessing = 0;
		};
/* End PBXFrameworksBuildPhase section */

/* Begin PBXGroup section */
		174886F119AA02BD0081FA52 = {
			isa = PBXGroup;
			children = (
				1748874219ABA2DA0081FA52 /* Resources */,
				1748870319AA02BD0081FA52 /* MilujiPraci */,
				1748872119AA02BE0081FA52 /* MilujiPraciTests */,
				174886FC19AA02BD0081FA52 /* Frameworks */,
				174886FB19AA02BD0081FA52 /* Products */,
				AEE2B137EA86403BB57B9B89 /* Pods-MilujiPraci.xcconfig */,
			);
			sourceTree = "<group>";
		};
		174886FB19AA02BD0081FA52 /* Products */ = {
			isa = PBXGroup;
			children = (
				174886FA19AA02BD0081FA52 /* MilujiPraci.app */,
				1748871B19AA02BE0081FA52 /* MilujiPraciTests.xctest */,
			);
			name = Products;
			sourceTree = "<group>";
		};
		174886FC19AA02BD0081FA52 /* Frameworks */ = {
			isa = PBXGroup;
			children = (
				174886FD19AA02BD0081FA52 /* Cocoa.framework */,
				1748871C19AA02BE0081FA52 /* XCTest.framework */,
				174886FF19AA02BD0081FA52 /* Other Frameworks */,
				200389DEBF2D4643BD3526F2 /* libPods-MilujiPraci.a */,
			);
			name = Frameworks;
			sourceTree = "<group>";
		};
		174886FF19AA02BD0081FA52 /* Other Frameworks */ = {
			isa = PBXGroup;
			children = (
				1748870019AA02BD0081FA52 /* AppKit.framework */,
				1748870119AA02BD0081FA52 /* CoreData.framework */,
				1748870219AA02BD0081FA52 /* Foundation.framework */,
			);
			name = "Other Frameworks";
			sourceTree = "<group>";
		};
		1748870319AA02BD0081FA52 /* MilujiPraci */ = {
			isa = PBXGroup;
			children = (
				1748873919AB043E0081FA52 /* MFStatusView.h */,
				1748873A19AB043E0081FA52 /* MFStatusView.m */,
				1748870F19AA02BD0081FA52 /* AppDelegate.h */,
				1748871019AA02BD0081FA52 /* AppDelegate.m */,
				1748871219AA02BE0081FA52 /* MainMenu.xib */,
				1748871519AA02BE0081FA52 /* Images.xcassets */,
				1748870419AA02BD0081FA52 /* Supporting Files */,
				1748873419AA09560081FA52 /* MainViewController.h */,
				1748873519AA09560081FA52 /* MainViewController.m */,
				1748873619AA09560081FA52 /* MainViewController.xib */,
				1748873F19AB09450081FA52 /* TileButton.h */,
				1748874019AB09450081FA52 /* TileButton.m */,
			);
			path = MilujiPraci;
			sourceTree = "<group>";
		};
		1748870419AA02BD0081FA52 /* Supporting Files */ = {
			isa = PBXGroup;
			children = (
				1748870519AA02BD0081FA52 /* MilujiPraci-Info.plist */,
				1748870619AA02BD0081FA52 /* InfoPlist.strings */,
				1748870919AA02BD0081FA52 /* main.m */,
				1748870B19AA02BD0081FA52 /* MilujiPraci-Prefix.pch */,
				1748870C19AA02BD0081FA52 /* Credits.rtf */,
			);
			name = "Supporting Files";
			sourceTree = "<group>";
		};
		1748872119AA02BE0081FA52 /* MilujiPraciTests */ = {
			isa = PBXGroup;
			children = (
				1748872719AA02BE0081FA52 /* MilujiPraciTests.m */,
				1748872219AA02BE0081FA52 /* Supporting Files */,
			);
			path = MilujiPraciTests;
			sourceTree = "<group>";
		};
		1748872219AA02BE0081FA52 /* Supporting Files */ = {
			isa = PBXGroup;
			children = (
				1748872319AA02BE0081FA52 /* MilujiPraciTests-Info.plist */,
				1748872419AA02BE0081FA52 /* InfoPlist.strings */,
			);
			name = "Supporting Files";
			sourceTree = "<group>";
		};
		1748874219ABA2DA0081FA52 /* Resources */ = {
			isa = PBXGroup;
			children = (
				1748874A19ABB6AA0081FA52 /* 0.mp3 */,
				1748874B19ABB6AA0081FA52 /* 1.mp3 */,
				1748874C19ABB6AA0081FA52 /* 2.mp3 */,
				1748874D19ABB6AA0081FA52 /* 3.mp3 */,
				1748874E19ABB6AA0081FA52 /* 4.mp3 */,
				1748874F19ABB6AA0081FA52 /* 5.mp3 */,
				1748875019ABB6AA0081FA52 /* 6.mp3 */,
				1748875119ABB6AA0081FA52 /* 7.mp3 */,
				1748875219ABB6AA0081FA52 /* 8.mp3 */,
				1748875319ABB6AA0081FA52 /* 9.mp3 */,
				1748875419ABB6AA0081FA52 /* 10.mp3 */,
				1748875519ABB6AA0081FA52 /* 11.mp3 */,
				1748875619ABB6AA0081FA52 /* 12.mp3 */,
				1748875719ABB6AA0081FA52 /* 13.mp3 */,
				1748875819ABB6AA0081FA52 /* 14.mp3 */,
				1748876819ABD4640081FA52 /* 15.mp3 */,
				1748876919ABD4640081FA52 /* 16.mp3 */,
				1748876A19ABD4640081FA52 /* 17.mp3 */,
				1748876B19ABD4640081FA52 /* 18.mp3 */,
				1748876C19ABD4640081FA52 /* 19.mp3 */,
				1748876D19ABD4640081FA52 /* 20.mp3 */,
				1748876E19ABD4640081FA52 /* 21.mp3 */,
				1748876F19ABD4640081FA52 /* 22.mp3 */,
				1748877019ABD4640081FA52 /* 23.mp3 */,
				1748877119ABD4640081FA52 /* 24.mp3 */,
				1748877219ABD4640081FA52 /* 25.mp3 */,
				1748877319ABD4640081FA52 /* 26.mp3 */,
				1748877419ABD4640081FA52 /* 27.mp3 */,
				1748877519ABD4640081FA52 /* 28.mp3 */,
				1748877619ABD4640081FA52 /* 29.mp3 */,
			);
			name = Resources;
			sourceTree = "<group>";
		};
/* End PBXGroup section */

/* Begin PBXNativeTarget section */
		174886F919AA02BD0081FA52 /* MilujiPraci */ = {
			isa = PBXNativeTarget;
			buildConfigurationList = 1748872B19AA02BE0081FA52 /* Build configuration list for PBXNativeTarget "MilujiPraci" */;
			buildPhases = (
				9570ACFBC0694CF794A5459C /* Check Pods Manifest.lock */,
				174886F619AA02BD0081FA52 /* Sources */,
				174886F719AA02BD0081FA52 /* Frameworks */,
				174886F819AA02BD0081FA52 /* Resources */,
				CDA769A754064C5B98611842 /* Copy Pods Resources */,
			);
			buildRules = (
			);
			dependencies = (
			);
			name = MilujiPraci;
			productName = MilujiPraci;
			productReference = 174886FA19AA02BD0081FA52 /* MilujiPraci.app */;
			productType = "com.apple.product-type.application";
		};
		1748871A19AA02BE0081FA52 /* MilujiPraciTests */ = {
			isa = PBXNativeTarget;
			buildConfigurationList = 1748872E19AA02BE0081FA52 /* Build configuration list for PBXNativeTarget "MilujiPraciTests" */;
			buildPhases = (
				1748871719AA02BE0081FA52 /* Sources */,
				1748871819AA02BE0081FA52 /* Frameworks */,
				1748871919AA02BE0081FA52 /* Resources */,
			);
			buildRules = (
			);
			dependencies = (
				1748872019AA02BE0081FA52 /* PBXTargetDependency */,
			);
			name = MilujiPraciTests;
			productName = MilujiPraciTests;
			productReference = 1748871B19AA02BE0081FA52 /* MilujiPraciTests.xctest */;
			productType = "com.apple.product-type.bundle.unit-test";
		};
/* End PBXNativeTarget section */

/* Begin PBXProject section */
		174886F219AA02BD0081FA52 /* Project object */ = {
			isa = PBXProject;
			attributes = {
				LastUpgradeCheck = 0510;
				ORGANIZATIONNAME = "Jan Mísař";
				TargetAttributes = {
					1748871A19AA02BE0081FA52 = {
						TestTargetID = 174886F919AA02BD0081FA52;
					};
				};
			};
			buildConfigurationList = 174886F519AA02BD0081FA52 /* Build configuration list for PBXProject "MilujiPraci" */;
			compatibilityVersion = "Xcode 3.2";
			developmentRegion = English;
			hasScannedForEncodings = 0;
			knownRegions = (
				en,
				Base,
			);
			mainGroup = 174886F119AA02BD0081FA52;
			productRefGroup = 174886FB19AA02BD0081FA52 /* Products */;
			projectDirPath = "";
			projectRoot = "";
			targets = (
				174886F919AA02BD0081FA52 /* MilujiPraci */,
				1748871A19AA02BE0081FA52 /* MilujiPraciTests */,
			);
		};
/* End PBXProject section */

/* Begin PBXResourcesBuildPhase section */
		174886F819AA02BD0081FA52 /* Resources */ = {
			isa = PBXResourcesBuildPhase;
			buildActionMask = 2147483647;
			files = (
				1748877C19ABD4640081FA52 /* 20.mp3 in Resources */,
				1748876419ABB6AA0081FA52 /* 11.mp3 in Resources */,
				1748875E19ABB6AA0081FA52 /* 5.mp3 in Resources */,
				1748870819AA02BD0081FA52 /* InfoPlist.strings in Resources */,
				1748876519ABB6AA0081FA52 /* 12.mp3 in Resources */,
				1748878519ABD4640081FA52 /* 29.mp3 in Resources */,
				1748871619AA02BE0081FA52 /* Images.xcassets in Resources */,
				1748878119ABD4640081FA52 /* 25.mp3 in Resources */,
				1748877919ABD4640081FA52 /* 17.mp3 in Resources */,
				1748876719ABB6AA0081FA52 /* 14.mp3 in Resources */,
				1748877D19ABD4640081FA52 /* 21.mp3 in Resources */,
				1748878419ABD4640081FA52 /* 28.mp3 in Resources */,
				1748876219ABB6AA0081FA52 /* 9.mp3 in Resources */,
				1748875A19ABB6AA0081FA52 /* 1.mp3 in Resources */,
				1748878219ABD4640081FA52 /* 26.mp3 in Resources */,
				1748876319ABB6AA0081FA52 /* 10.mp3 in Resources */,
				1748877E19ABD4640081FA52 /* 22.mp3 in Resources */,
				1748877B19ABD4640081FA52 /* 19.mp3 in Resources */,
				1748876019ABB6AA0081FA52 /* 7.mp3 in Resources */,
				1748875D19ABB6AA0081FA52 /* 4.mp3 in Resources */,
				1748877819ABD4640081FA52 /* 16.mp3 in Resources */,
				1748875C19ABB6AA0081FA52 /* 3.mp3 in Resources */,
				1748873819AA09560081FA52 /* MainViewController.xib in Resources */,
				1748875919ABB6AA0081FA52 /* 0.mp3 in Resources */,
				1748878019ABD4640081FA52 /* 24.mp3 in Resources */,
				1748876619ABB6AA0081FA52 /* 13.mp3 in Resources */,
				1748877F19ABD4640081FA52 /* 23.mp3 in Resources */,
				1748876119ABB6AA0081FA52 /* 8.mp3 in Resources */,
				1748875B19ABB6AA0081FA52 /* 2.mp3 in Resources */,
				1748875F19ABB6AA0081FA52 /* 6.mp3 in Resources */,
				1748877719ABD4640081FA52 /* 15.mp3 in Resources */,
				1748878319ABD4640081FA52 /* 27.mp3 in Resources */,
				1748877A19ABD4640081FA52 /* 18.mp3 in Resources */,
				1748870E19AA02BD0081FA52 /* Credits.rtf in Resources */,
				1748871419AA02BE0081FA52 /* MainMenu.xib in Resources */,
			);
			runOnlyForDeploymentPostprocessing = 0;
		};
		1748871919AA02BE0081FA52 /* Resources */ = {
			isa = PBXResourcesBuildPhase;
			buildActionMask = 2147483647;
			files = (
				1748872619AA02BE0081FA52 /* InfoPlist.strings in Resources */,
			);
			runOnlyForDeploymentPostprocessing = 0;
		};
/* End PBXResourcesBuildPhase section */

/* Begin PBXShellScriptBuildPhase section */
		9570ACFBC0694CF794A5459C /* Check Pods Manifest.lock */ = {
			isa = PBXShellScriptBuildPhase;
			buildActionMask = 2147483647;
			files = (
			);
			inputPaths = (
			);
			name = "Check Pods Manifest.lock";
			outputPaths = (
			);
			runOnlyForDeploymentPostprocessing = 0;
			shellPath = /bin/sh;
			shellScript = "diff \"${PODS_ROOT}/../Podfile.lock\" \"${PODS_ROOT}/Manifest.lock\" > /dev/null\nif [[ $? != 0 ]] ; then\n    cat << EOM\nerror: The sandbox is not in sync with the Podfile.lock. Run 'pod install' or update your CocoaPods installation.\nEOM\n    exit 1\nfi\n";
			showEnvVarsInLog = 0;
		};
		CDA769A754064C5B98611842 /* Copy Pods Resources */ = {
			isa = PBXShellScriptBuildPhase;
			buildActionMask = 2147483647;
			files = (
			);
			inputPaths = (
			);
			name = "Copy Pods Resources";
			outputPaths = (
			);
			runOnlyForDeploymentPostprocessing = 0;
			shellPath = /bin/sh;
			shellScript = "\"${SRCROOT}/Pods/Pods-MilujiPraci-resources.sh\"\n";
			showEnvVarsInLog = 0;
		};
/* End PBXShellScriptBuildPhase section */

/* Begin PBXSourcesBuildPhase section */
		174886F619AA02BD0081FA52 /* Sources */ = {
			isa = PBXSourcesBuildPhase;
			buildActionMask = 2147483647;
			files = (
				1748873B19AB043E0081FA52 /* MFStatusView.m in Sources */,
				1748874119AB09450081FA52 /* TileButton.m in Sources */,
				1748871119AA02BD0081FA52 /* AppDelegate.m in Sources */,
				1748870A19AA02BD0081FA52 /* main.m in Sources */,
				1748873719AA09560081FA52 /* MainViewController.m in Sources */,
			);
			runOnlyForDeploymentPostprocessing = 0;
		};
		1748871719AA02BE0081FA52 /* Sources */ = {
			isa = PBXSourcesBuildPhase;
			buildActionMask = 2147483647;
			files = (
				1748872819AA02BE0081FA52 /* MilujiPraciTests.m in Sources */,
			);
			runOnlyForDeploymentPostprocessing = 0;
		};
/* End PBXSourcesBuildPhase section */

/* Begin PBXTargetDependency section */
		1748872019AA02BE0081FA52 /* PBXTargetDependency */ = {
			isa = PBXTargetDependency;
			target = 174886F919AA02BD0081FA52 /* MilujiPraci */;
			targetProxy = 1748871F19AA02BE0081FA52 /* PBXContainerItemProxy */;
		};
/* End PBXTargetDependency section */

/* Begin PBXVariantGroup section */
		1748870619AA02BD0081FA52 /* InfoPlist.strings */ = {
			isa = PBXVariantGroup;
			children = (
				1748870719AA02BD0081FA52 /* en */,
			);
			name = InfoPlist.strings;
			sourceTree = "<group>";
		};
		1748870C19AA02BD0081FA52 /* Credits.rtf */ = {
			isa = PBXVariantGroup;
			children = (
				1748870D19AA02BD0081FA52 /* en */,
			);
			name = Credits.rtf;
			sourceTree = "<group>";
		};
		1748871219AA02BE0081FA52 /* MainMenu.xib */ = {
			isa = PBXVariantGroup;
			children = (
				1748871319AA02BE0081FA52 /* Base */,
			);
			name = MainMenu.xib;
			sourceTree = "<group>";
		};
		1748872419AA02BE0081FA52 /* InfoPlist.strings */ = {
			isa = PBXVariantGroup;
			children = (
				1748872519AA02BE0081FA52 /* en */,
			);
			name = InfoPlist.strings;
			sourceTree = "<group>";
		};
/* End PBXVariantGroup section */

/* Begin XCBuildConfiguration section */
		1748872919AA02BE0081FA52 /* Debug */ = {
			isa = XCBuildConfiguration;
			buildSettings = {
				ALWAYS_SEARCH_USER_PATHS = NO;
				CLANG_CXX_LANGUAGE_STANDARD = "gnu++0x";
				CLANG_CXX_LIBRARY = "libc++";
				CLANG_ENABLE_MODULES = YES;
				CLANG_ENABLE_OBJC_ARC = YES;
				CLANG_WARN_BOOL_CONVERSION = YES;
				CLANG_WARN_CONSTANT_CONVERSION = YES;
				CLANG_WARN_DIRECT_OBJC_ISA_USAGE = YES_ERROR;
				CLANG_WARN_EMPTY_BODY = YES;
				CLANG_WARN_ENUM_CONVERSION = YES;
				CLANG_WARN_INT_CONVERSION = YES;
				CLANG_WARN_OBJC_ROOT_CLASS = YES_ERROR;
				CLANG_WARN__DUPLICATE_METHOD_MATCH = YES;
				COPY_PHASE_STRIP = NO;
				GCC_C_LANGUAGE_STANDARD = gnu99;
				GCC_DYNAMIC_NO_PIC = NO;
				GCC_ENABLE_OBJC_EXCEPTIONS = YES;
				GCC_OPTIMIZATION_LEVEL = 0;
				GCC_PREPROCESSOR_DEFINITIONS = (
					"DEBUG=1",
					"$(inherited)",
				);
				GCC_SYMBOLS_PRIVATE_EXTERN = NO;
				GCC_WARN_64_TO_32_BIT_CONVERSION = YES;
				GCC_WARN_ABOUT_RETURN_TYPE = YES_ERROR;
				GCC_WARN_UNDECLARED_SELECTOR = YES;
				GCC_WARN_UNINITIALIZED_AUTOS = YES_AGGRESSIVE;
				GCC_WARN_UNUSED_FUNCTION = YES;
				GCC_WARN_UNUSED_VARIABLE = YES;
				MACOSX_DEPLOYMENT_TARGET = 10.9;
				ONLY_ACTIVE_ARCH = YES;
				SDKROOT = macosx;
			};
			name = Debug;
		};
		1748872A19AA02BE0081FA52 /* Release */ = {
			isa = XCBuildConfiguration;
			buildSettings = {
				ALWAYS_SEARCH_USER_PATHS = NO;
				CLANG_CXX_LANGUAGE_STANDARD = "gnu++0x";
				CLANG_CXX_LIBRARY = "libc++";
				CLANG_ENABLE_MODULES = YES;
				CLANG_ENABLE_OBJC_ARC = YES;
				CLANG_WARN_BOOL_CONVERSION = YES;
				CLANG_WARN_CONSTANT_CONVERSION = YES;
				CLANG_WARN_DIRECT_OBJC_ISA_USAGE = YES_ERROR;
				CLANG_WARN_EMPTY_BODY = YES;
				CLANG_WARN_ENUM_CONVERSION = YES;
				CLANG_WARN_INT_CONVERSION = YES;
				CLANG_WARN_OBJC_ROOT_CLASS = YES_ERROR;
				CLANG_WARN__DUPLICATE_METHOD_MATCH = YES;
				COPY_PHASE_STRIP = YES;
				DEBUG_INFORMATION_FORMAT = "dwarf-with-dsym";
				ENABLE_NS_ASSERTIONS = NO;
				GCC_C_LANGUAGE_STANDARD = gnu99;
				GCC_ENABLE_OBJC_EXCEPTIONS = YES;
				GCC_WARN_64_TO_32_BIT_CONVERSION = YES;
				GCC_WARN_ABOUT_RETURN_TYPE = YES_ERROR;
				GCC_WARN_UNDECLARED_SELECTOR = YES;
				GCC_WARN_UNINITIALIZED_AUTOS = YES_AGGRESSIVE;
				GCC_WARN_UNUSED_FUNCTION = YES;
				GCC_WARN_UNUSED_VARIABLE = YES;
				MACOSX_DEPLOYMENT_TARGET = 10.9;
				SDKROOT = macosx;
			};
			name = Release;
		};
		1748872C19AA02BE0081FA52 /* Debug */ = {
			isa = XCBuildConfiguration;
			baseConfigurationReference = AEE2B137EA86403BB57B9B89 /* Pods-MilujiPraci.xcconfig */;
			buildSettings = {
				ASSETCATALOG_COMPILER_APPICON_NAME = AppIcon;
				COMBINE_HIDPI_IMAGES = YES;
				GCC_PRECOMPILE_PREFIX_HEADER = YES;
				GCC_PREFIX_HEADER = "MilujiPraci/MilujiPraci-Prefix.pch";
				INFOPLIST_FILE = "MilujiPraci/MilujiPraci-Info.plist";
				PRODUCT_NAME = "$(TARGET_NAME)";
				WRAPPER_EXTENSION = app;
			};
			name = Debug;
		};
		1748872D19AA02BE0081FA52 /* Release */ = {
			isa = XCBuildConfiguration;
			baseConfigurationReference = AEE2B137EA86403BB57B9B89 /* Pods-MilujiPraci.xcconfig */;
			buildSettings = {
				ASSETCATALOG_COMPILER_APPICON_NAME = AppIcon;
				COMBINE_HIDPI_IMAGES = YES;
				GCC_PRECOMPILE_PREFIX_HEADER = YES;
				GCC_PREFIX_HEADER = "MilujiPraci/MilujiPraci-Prefix.pch";
				INFOPLIST_FILE = "MilujiPraci/MilujiPraci-Info.plist";
				PRODUCT_NAME = "$(TARGET_NAME)";
				WRAPPER_EXTENSION = app;
			};
			name = Release;
		};
		1748872F19AA02BE0081FA52 /* Debug */ = {
			isa = XCBuildConfiguration;
			buildSettings = {
				BUNDLE_LOADER = "$(BUILT_PRODUCTS_DIR)/MilujiPraci.app/Contents/MacOS/MilujiPraci";
				COMBINE_HIDPI_IMAGES = YES;
				FRAMEWORK_SEARCH_PATHS = (
					"$(DEVELOPER_FRAMEWORKS_DIR)",
					"$(inherited)",
				);
				GCC_PRECOMPILE_PREFIX_HEADER = YES;
				GCC_PREFIX_HEADER = "MilujiPraci/MilujiPraci-Prefix.pch";
				GCC_PREPROCESSOR_DEFINITIONS = (
					"DEBUG=1",
					"$(inherited)",
				);
				INFOPLIST_FILE = "MilujiPraciTests/MilujiPraciTests-Info.plist";
				PRODUCT_NAME = "$(TARGET_NAME)";
				TEST_HOST = "$(BUNDLE_LOADER)";
				WRAPPER_EXTENSION = xctest;
			};
			name = Debug;
		};
		1748873019AA02BE0081FA52 /* Release */ = {
			isa = XCBuildConfiguration;
			buildSettings = {
				BUNDLE_LOADER = "$(BUILT_PRODUCTS_DIR)/MilujiPraci.app/Contents/MacOS/MilujiPraci";
				COMBINE_HIDPI_IMAGES = YES;
				FRAMEWORK_SEARCH_PATHS = (
					"$(DEVELOPER_FRAMEWORKS_DIR)",
					"$(inherited)",
				);
				GCC_PRECOMPILE_PREFIX_HEADER = YES;
				GCC_PREFIX_HEADER = "MilujiPraci/MilujiPraci-Prefix.pch";
				INFOPLIST_FILE = "MilujiPraciTests/MilujiPraciTests-Info.plist";
				PRODUCT_NAME = "$(TARGET_NAME)";
				TEST_HOST = "$(BUNDLE_LOADER)";
				WRAPPER_EXTENSION = xctest;
			};
			name = Release;
		};
/* End XCBuildConfiguration section */

/* Begin XCConfigurationList section */
		174886F519AA02BD0081FA52 /* Build configuration list for PBXProject "MilujiPraci" */ = {
			isa = XCConfigurationList;
			buildConfigurations = (
				1748872919AA02BE0081FA52 /* Debug */,
				1748872A19AA02BE0081FA52 /* Release */,
			);
			defaultConfigurationIsVisible = 0;
			defaultConfigurationName = Release;
		};
		1748872B19AA02BE0081FA52 /* Build configuration list for PBXNativeTarget "MilujiPraci" */ = {
			isa = XCConfigurationList;
			buildConfigurations = (
				1748872C19AA02BE0081FA52 /* Debug */,
				1748872D19AA02BE0081FA52 /* Release */,
			);
			defaultConfigurationIsVisible = 0;
			defaultConfigurationName = Release;
		};
		1748872E19AA02BE0081FA52 /* Build configuration list for PBXNativeTarget "MilujiPraciTests" */ = {
			isa = XCConfigurationList;
			buildConfigurations = (
				1748872F19AA02BE0081FA52 /* Debug */,
				1748873019AA02BE0081FA52 /* Release */,
			);
			defaultConfigurationIsVisible = 0;
			defaultConfigurationName = Release;
		};
/* End XCConfigurationList section */
	};
	rootObject = 174886F219AA02BD0081FA52 /* Project object */;
}
